{
  "nodes": {
    "hs-updates": {
      "locked": {
        "lastModified": 1608319674,
        "narHash": "sha256-fgmfhbimdWFKX4GdmPBDElNpZDNUI/DjwiACYlH20es=",
        "owner": "nixos",
        "repo": "nixpkgs",
        "rev": "a4530367944e55dbbd1d127123f3519b7483bc54",
        "type": "github"
      },
      "original": {
        "owner": "nixos",
        "repo": "nixpkgs",
        "rev": "a4530367944e55dbbd1d127123f3519b7483bc54",
        "type": "github"
      }
    },
    "nixpkgs": {
      "locked": {
        "lastModified": 1609725427,
        "narHash": "sha256-Yn97AVjFvQunGmwK3nnr7LihzMnp72jyaYNRRaJvAZ4=",
        "owner": "NixOS",
        "repo": "nixpkgs",
        "rev": "c5c6009fb436efe5732e07cd0e5692f495321752",
        "type": "github"
      },
      "original": {
        "id": "nixpkgs",
        "ref": "nixos-20.09",
        "type": "indirect"
      }
    },
    "root": {
      "inputs": {
        "hs-updates": "hs-updates",
        "nixpkgs": "nixpkgs"
      }
    }
  },
  "root": "root",
  "version": 7
}
